
Microsoft Visual Studio Solution File, Format Version 12.00
# Visual Studio Version 16
VisualStudioVersion = 16.0.29728.190
MinimumVisualStudioVersion = 10.0.40219.1
Project("{FAE04EC0-301F-11D3-BF4B-00C04F79EFBC}") = "ScalesWebConnect", "ScalesWebConnect\ScalesWebConnect.csproj", "{E009674C-68CB-4AB1-BB28-ACEE1BA7EE5E}"
EndProject
Global
	GlobalSection(SolutionConfigurationPlatforms) = preSolution
		Debug|Any CPU = Debug|Any CPU
		Release|Any CPU = Release|Any CPU
	EndGlobalSection
	GlobalSection(ProjectConfigurationPlatforms) = postSolution
		{E009674C-68CB-4AB1-BB28-ACEE1BA7EE5E}.Debug|Any CPU.ActiveCfg = Debug|Any CPU
		{E009674C-68CB-4AB1-BB28-ACEE1BA7EE5E}.Debug|Any CPU.Build.0 = Debug|Any CPU
		{E009674C-68CB-4AB1-BB28-ACEE1BA7EE5E}.Release|Any CPU.ActiveCfg = Release|Any CPU
		{E009674C-68CB-4AB1-BB28-ACEE1BA7EE5E}.Release|Any CPU.Build.0 = Release|Any CPU
	EndGlobalSection
	GlobalSection(SolutionProperties) = preSolution
		HideSolutionNode = FALSE
	EndGlobalSection
	GlobalSection(ExtensibilityGlobals) = postSolution
		SolutionGuid = {0C51738E-5301-44DE-AB10-567B3CEEB7CB}
	EndGlobalSection
EndGlobal
